<Solution>
  <Folder Name="/Itens de Solução/">
    <File Path=".github/copilot-instructions.md" />
    <File Path="docker-compose.yml" />
    <File Path="README.md" />
  </Folder>
  <Folder Name="/src/">
    <Project Path="Deal.DeskOne.API/Deal.DeskOne.API.csproj" />
    <Project Path="Deal.DeskOne.Application/Deal.DeskOne.Application.csproj" />
    <Project Path="Deal.DeskOne.Domain/Deal.DeskOne.Domain.csproj" />
    <Project Path="Deal.DeskOne.Infrastructure/Deal.DeskOne.Infrastructure.csproj" />
  </Folder>
</Solution>
